schema: '2.0'
stages:
  data_ingestion:
    cmd: python src/data/data_ingestion.py
    deps:
    - path: src/data/data_ingestion.py
      hash: md5
      md5: c410a04366db9433e7700560ca257e76
      size: 2065
    params:
      params.yaml:
        data_ingestion.test_size: 0.2
    outs:
    - path: data/raw
      hash: md5
      md5: 028dcec2e4f37c3e87cc69bb35a671b6.dir
      size: 827973
      nfiles: 2
  data_preprocessing:
    cmd: python src/data/data_preprocessing.py
    deps:
    - path: data/raw
      hash: md5
      md5: 028dcec2e4f37c3e87cc69bb35a671b6.dir
      size: 827973
      nfiles: 2
    - path: src/data/data_preprocessing.py
      hash: md5
      md5: b9f344cea56d9dbd2b630af3f3019c1a
      size: 7620
    outs:
    - path: data/interim
      hash: md5
      md5: ef37afd17951ea8af23114b28d26f784.dir
      size: 566210
      nfiles: 2
  feature_engineering:
    cmd: python src/features/feature_engineering.py
    deps:
    - path: data/interim
      hash: md5
      md5: ef37afd17951ea8af23114b28d26f784.dir
      size: 566210
      nfiles: 2
    - path: src/features/feature_engineering.py
      hash: md5
      md5: 6b576e52df7432729b176916bb0f1342
      size: 3292
    params:
      params.yaml:
        feature_engineering.max_features: 5000
    outs:
    - path: data/processed
      hash: md5
      md5: cc756747f85a52496e7b6f104ebc0dd4.dir
      size: 103818916
      nfiles: 2
    - path: models/vectorizer.pkl
      hash: md5
      md5: a920c584961a03c84025c5040046d53f
      size: 139956
  model_building:
    cmd: python src/model/model_building.py
    deps:
    - path: data/processed
      hash: md5
      md5: cc756747f85a52496e7b6f104ebc0dd4.dir
      size: 103818916
      nfiles: 2
    - path: src/model/model_building.py
      hash: md5
      md5: c043ea571cff17cf668f88cf6e422a62
      size: 2809
    outs:
    - path: models/model.pkl
      hash: md5
      md5: dbefd15809e550d3e002032ffcff7fe6
      size: 40717
  model_evaluation:
    cmd: python src/model/model_evaluation.py
    deps:
    - path: models/model.pkl
      hash: md5
      md5: dbefd15809e550d3e002032ffcff7fe6
      size: 40717
    - path: src/model/model_evaluation.py
      hash: md5
      md5: 9cb84511f5059810930b22ca677a61ed
      size: 5310
    outs:
    - path: reports/experiment_info.json
      hash: md5
      md5: c73e9463b221278d7280e5ffe5f83261
      size: 82
    - path: reports/metrics.json
      hash: md5
      md5: 920c2eb861c0a6db1cd7db895569f5e4
      size: 145
  model_registration:
    cmd: python src/model/register_model.py
    deps:
    - path: reports/experiment_info.json
      hash: md5
      md5: c73e9463b221278d7280e5ffe5f83261
      size: 82
    - path: src/model/register_model.py
      hash: md5
      md5: e5e4247e03c69bbdd410dd61d012bb4b
      size: 2208
